
Microsoft Visual Studio Solution File, Format Version 12.00
# Visual Studio Version 16
VisualStudioVersion = 16.0.31313.79
MinimumVisualStudioVersion = 10.0.40219.1
Project("{FAE04EC0-301F-11D3-BF4B-00C04F79EFBC}") = "MimicAPI", "MimicAPI\MimicAPI.csproj", "{FF00D803-0887-4C5E-9EB0-F752FFF11C1D}"
EndProject
Global
	GlobalSection(SolutionConfigurationPlatforms) = preSolution
		Debug|Any CPU = Debug|Any CPU
		Release|Any CPU = Release|Any CPU
	EndGlobalSection
	GlobalSection(ProjectConfigurationPlatforms) = postSolution
		{FF00D803-0887-4C5E-9EB0-F752FFF11C1D}.Debug|Any CPU.ActiveCfg = Debug|Any CPU
		{FF00D803-0887-4C5E-9EB0-F752FFF11C1D}.Debug|Any CPU.Build.0 = Debug|Any CPU
		{FF00D803-0887-4C5E-9EB0-F752FFF11C1D}.Release|Any CPU.ActiveCfg = Release|Any CPU
		{FF00D803-0887-4C5E-9EB0-F752FFF11C1D}.Release|Any CPU.Build.0 = Release|Any CPU
	EndGlobalSection
	GlobalSection(SolutionProperties) = preSolution
		HideSolutionNode = FALSE
	EndGlobalSection
	GlobalSection(ExtensibilityGlobals) = postSolution
		SolutionGuid = {33DD18BE-0C7A-4799-B0EA-75DFCD1D2D6A}
	EndGlobalSection
EndGlobal
